
Microsoft Visual Studio Solution File, Format Version 12.00
# Visual Studio 16

Project("{E24C65DC-7377-472B-9ABA-BC803B73C61A}") = "Norwintd", "app\", "17FE770F-AF2F-4BE0-8F66-CC4FB56CEC3F"
EndProject
Project("{2150E333-8FDC-42A3-9474-1A3956D46DE8}") = "Code On Time Items", "Code On Time Items", "{01219736-FF89-45D1-BBC3-1AB74F2BC9D8}"
	ProjectSection(SolutionItems) = preProject
		ClientLibrary.en-US.txt = ClientLibrary.en-US.txt
		DataAquarium.Project.xml = DataAquarium.Project.xml
		DataAquarium.Version.xml = DataAquarium.Version.xml
	EndProjectSection
EndProject
